
Microsoft Visual Studio Solution File, Format Version 12.00
# Visual Studio Version 17
VisualStudioVersion = 17.7.34024.191
MinimumVisualStudioVersion = 10.0.40219.1
Project("{FAE04EC0-301F-11D3-BF4B-00C04F79EFBC}") = "M_Model", "M_Model\M_Model.csproj", "{077D5DA5-3293-42A3-A497-EAC7A82B03ED}"
EndProject
Global
	GlobalSection(SolutionConfigurationPlatforms) = preSolution
		Debug|Any CPU = Debug|Any CPU
		Release|Any CPU = Release|Any CPU
	EndGlobalSection
	GlobalSection(ProjectConfigurationPlatforms) = postSolution
		{077D5DA5-3293-42A3-A497-EAC7A82B03ED}.Debug|Any CPU.ActiveCfg = Debug|Any CPU
		{077D5DA5-3293-42A3-A497-EAC7A82B03ED}.Debug|Any CPU.Build.0 = Debug|Any CPU
		{077D5DA5-3293-42A3-A497-EAC7A82B03ED}.Release|Any CPU.ActiveCfg = Release|Any CPU
		{077D5DA5-3293-42A3-A497-EAC7A82B03ED}.Release|Any CPU.Build.0 = Release|Any CPU
	EndGlobalSection
	GlobalSection(SolutionProperties) = preSolution
		HideSolutionNode = FALSE
	EndGlobalSection
	GlobalSection(ExtensibilityGlobals) = postSolution
		SolutionGuid = {7D84BCFC-0E14-449E-AE57-F54E02629422}
	EndGlobalSection
EndGlobal
